
Microsoft Visual Studio Solution File, Format Version 12.00
# Visual Studio 15
VisualStudioVersion = 15.0.27428.2015
MinimumVisualStudioVersion = 10.0.40219.1
Project("{FAE04EC0-301F-11D3-BF4B-00C04F79EFBC}") = "IntAuction", "IntAuction\IntAuction.csproj", "{BA7D388E-FF81-4444-A19B-2ED50EC8E69D}"
EndProject
Project("{FAE04EC0-301F-11D3-BF4B-00C04F79EFBC}") = "IntAuction.Tests", "IntAuction.Tests\IntAuction.Tests.csproj", "{641B08DB-1293-4304-B8F0-1ECA0E62EA93}"
EndProject
Global
	GlobalSection(SolutionConfigurationPlatforms) = preSolution
		Debug|Any CPU = Debug|Any CPU
		Release|Any CPU = Release|Any CPU
	EndGlobalSection
	GlobalSection(ProjectConfigurationPlatforms) = postSolution
		{BA7D388E-FF81-4444-A19B-2ED50EC8E69D}.Debug|Any CPU.ActiveCfg = Debug|Any CPU
		{BA7D388E-FF81-4444-A19B-2ED50EC8E69D}.Debug|Any CPU.Build.0 = Debug|Any CPU
		{BA7D388E-FF81-4444-A19B-2ED50EC8E69D}.Release|Any CPU.ActiveCfg = Release|Any CPU
		{BA7D388E-FF81-4444-A19B-2ED50EC8E69D}.Release|Any CPU.Build.0 = Release|Any CPU
		{641B08DB-1293-4304-B8F0-1ECA0E62EA93}.Debug|Any CPU.ActiveCfg = Debug|Any CPU
		{641B08DB-1293-4304-B8F0-1ECA0E62EA93}.Debug|Any CPU.Build.0 = Debug|Any CPU
		{641B08DB-1293-4304-B8F0-1ECA0E62EA93}.Release|Any CPU.ActiveCfg = Release|Any CPU
		{641B08DB-1293-4304-B8F0-1ECA0E62EA93}.Release|Any CPU.Build.0 = Release|Any CPU
	EndGlobalSection
	GlobalSection(SolutionProperties) = preSolution
		HideSolutionNode = FALSE
	EndGlobalSection
	GlobalSection(ExtensibilityGlobals) = postSolution
		SolutionGuid = {FE694A7A-7FF9-4577-81C6-9CC3974AD83E}
	EndGlobalSection
EndGlobal
